{
  "lockfileVersion": 1,
  "workspaces": {
    "": {
      "name": "arenjizus",
      "dependencies": {
        "@biomejs/biome": "^2.0.4",
        "@buape/functions": "^1.0.4",
        "@prisma/client": "6.1.0",
        "@sapphire/discord.js-utilities": "7.3.1",
        "@sapphire/result": "2.7.2",
        "@types/bun": "^1.1.14",
        "@types/react": "^19.1.8",
        "@types/react-dom": "^19.1.6",
        "croner": "9.0.0",
        "discord.js": "14.16.3",
        "hono": "^4.8.2",
        "kiai.js": "^3.0.1",
        "react": "^19.1.0",
        "react-dom": "^19.1.0",
        "unb-api": "1.4.0",
        "winston": "3.17.0",
      },
      "devDependencies": {
        "@types/node": "22.10.2",
        "esbuild": "^0.20.0",
        "prisma": "6.1.0",
        "typescript": "5.7.2",
      },
    },
  },
  "trustedDependencies": [
    "@biomejs/biome",
    "@prisma/engines",
    "prisma",
    "@prisma/client",
  ],
  "packages": {
    "@biomejs/biome": ["@biomejs/biome@2.0.6", "", { "optionalDependencies": { "@biomejs/cli-darwin-arm64": "2.0.6", "@biomejs/cli-darwin-x64": "2.0.6", "@biomejs/cli-linux-arm64": "2.0.6", "@biomejs/cli-linux-arm64-musl": "2.0.6", "@biomejs/cli-linux-x64": "2.0.6", "@biomejs/cli-linux-x64-musl": "2.0.6", "@biomejs/cli-win32-arm64": "2.0.6", "@biomejs/cli-win32-x64": "2.0.6" }, "bin": { "biome": "bin/biome" } }, "sha512-RRP+9cdh5qwe2t0gORwXaa27oTOiQRQvrFf49x2PA1tnpsyU7FIHX4ZOFMtBC4QNtyWsN7Dqkf5EDbg4X+9iqA=="],

    "@biomejs/cli-darwin-arm64": ["@biomejs/cli-darwin-arm64@2.0.6", "", { "os": "darwin", "cpu": "arm64" }, "sha512-AzdiNNjNzsE6LfqWyBvcL29uWoIuZUkndu+wwlXW13EKcBHbbKjNQEZIJKYDc6IL+p7bmWGx3v9ZtcRyIoIz5A=="],

    "@biomejs/cli-darwin-x64": ["@biomejs/cli-darwin-x64@2.0.6", "", { "os": "darwin", "cpu": "x64" }, "sha512-wJjjP4E7bO4WJmiQaLnsdXMa516dbtC6542qeRkyJg0MqMXP0fvs4gdsHhZ7p9XWTAmGIjZHFKXdsjBvKGIJJQ=="],

    "@biomejs/cli-linux-arm64": ["@biomejs/cli-linux-arm64@2.0.6", "", { "os": "linux", "cpu": "arm64" }, "sha512-ZSVf6TYo5rNMUHIW1tww+rs/krol7U5A1Is/yzWyHVZguuB0lBnIodqyFuwCNqG9aJGyk7xIMS8HG0qGUPz0SA=="],

    "@biomejs/cli-linux-arm64-musl": ["@biomejs/cli-linux-arm64-musl@2.0.6", "", { "os": "linux", "cpu": "arm64" }, "sha512-CVPEMlin3bW49sBqLBg2x016Pws7eUXA27XYDFlEtponD0luYjg2zQaMJ2nOqlkKG9fqzzkamdYxHdMDc2gZFw=="],

    "@biomejs/cli-linux-x64": ["@biomejs/cli-linux-x64@2.0.6", "", { "os": "linux", "cpu": "x64" }, "sha512-geM1MkHTV1Kh2Cs/Xzot9BOF3WBacihw6bkEmxkz4nSga8B9/hWy5BDiOG3gHDGIBa8WxT0nzsJs2f/hPqQIQw=="],

    "@biomejs/cli-linux-x64-musl": ["@biomejs/cli-linux-x64-musl@2.0.6", "", { "os": "linux", "cpu": "x64" }, "sha512-mKHE/e954hR/hSnAcJSjkf4xGqZc/53Kh39HVW1EgO5iFi0JutTN07TSjEMg616julRtfSNJi0KNyxvc30Y4rQ=="],

    "@biomejs/cli-win32-arm64": ["@biomejs/cli-win32-arm64@2.0.6", "", { "os": "win32", "cpu": "arm64" }, "sha512-290V4oSFoKaprKE1zkYVsDfAdn0An5DowZ+GIABgjoq1ndhvNxkJcpxPsiYtT7slbVe3xmlT0ncdfOsN7KruzA=="],

    "@biomejs/cli-win32-x64": ["@biomejs/cli-win32-x64@2.0.6", "", { "os": "win32", "cpu": "x64" }, "sha512-bfM1Bce0d69Ao7pjTjUS+AWSZ02+5UHdiAP85Th8e9yV5xzw6JrHXbL5YWlcEKQ84FIZMdDc7ncuti1wd2sdbw=="],

    "@buape/functions": ["@buape/functions@1.0.4", "", { "dependencies": { "discord.js": "^14.11.0" } }, "sha512-J9pbm/b95dhGj2rUp3rTPb8/QuPOLNVkxBveXMkHi86tSv8BB8kSSFtJmj6I0te68ICIMHuKsoMFT/gKX2Qeow=="],

    "@colors/colors": ["@colors/colors@1.6.0", "", {}, "sha512-Ir+AOibqzrIsL6ajt3Rz3LskB7OiMVHqltZmspbW/TJuTVuyOMirVqAkjfY6JISiLHgyNqicAC8AyHHGzNd/dA=="],

    "@dabh/diagnostics": ["@dabh/diagnostics@2.0.3", "", { "dependencies": { "colorspace": "1.1.x", "enabled": "2.0.x", "kuler": "^2.0.0" } }, "sha512-hrlQOIi7hAfzsMqlGSFyVucrx38O+j6wiGOf//H2ecvIEqYN4ADBSS2iLMh5UFyDunCNniUIPk/q3riFv45xRA=="],

    "@discordjs/builders": ["@discordjs/builders@1.11.2", "", { "dependencies": { "@discordjs/formatters": "^0.6.1", "@discordjs/util": "^1.1.1", "@sapphire/shapeshift": "^4.0.0", "discord-api-types": "^0.38.1", "fast-deep-equal": "^3.1.3", "ts-mixer": "^6.0.4", "tslib": "^2.6.3" } }, "sha512-F1WTABdd8/R9D1icJzajC4IuLyyS8f3rTOz66JsSI3pKvpCAtsMBweu8cyNYsIyvcrKAVn9EPK+Psoymq+XC0A=="],

    "@discordjs/collection": ["@discordjs/collection@1.5.3", "", {}, "sha512-SVb428OMd3WO1paV3rm6tSjM4wC+Kecaa1EUGX7vc6/fddvw/6lg90z4QtCqm21zvVe92vMMDt9+DkIvjXImQQ=="],

    "@discordjs/formatters": ["@discordjs/formatters@0.5.0", "", { "dependencies": { "discord-api-types": "0.37.97" } }, "sha512-98b3i+Y19RFq1Xke4NkVY46x8KjJQjldHUuEbCqMvp1F5Iq9HgnGpu91jOi/Ufazhty32eRsKnnzS8n4c+L93g=="],

    "@discordjs/rest": ["@discordjs/rest@2.5.1", "", { "dependencies": { "@discordjs/collection": "^2.1.1", "@discordjs/util": "^1.1.1", "@sapphire/async-queue": "^1.5.3", "@sapphire/snowflake": "^3.5.3", "@vladfrangu/async_event_emitter": "^2.4.6", "discord-api-types": "^0.38.1", "magic-bytes.js": "^1.10.0", "tslib": "^2.6.3", "undici": "6.21.3" } }, "sha512-Tg9840IneBcbrAjcGaQzHUJWFNq1MMWZjTdjJ0WS/89IffaNKc++iOvffucPxQTF/gviO9+9r8kEPea1X5J2Dw=="],

    "@discordjs/util": ["@discordjs/util@1.1.1", "", {}, "sha512-eddz6UnOBEB1oITPinyrB2Pttej49M9FZQY8NxgEvc3tq6ZICZ19m70RsmzRdDHk80O9NoYN/25AqJl8vPVf/g=="],

    "@discordjs/ws": ["@discordjs/ws@1.1.1", "", { "dependencies": { "@discordjs/collection": "^2.1.0", "@discordjs/rest": "^2.3.0", "@discordjs/util": "^1.1.0", "@sapphire/async-queue": "^1.5.2", "@types/ws": "^8.5.10", "@vladfrangu/async_event_emitter": "^2.2.4", "discord-api-types": "0.37.83", "tslib": "^2.6.2", "ws": "^8.16.0" } }, "sha512-PZ+vLpxGCRtmr2RMkqh8Zp+BenUaJqlS6xhgWKEZcgC/vfHLEzpHtKkB0sl3nZWpwtcKk6YWy+pU3okL2I97FA=="],

    "@esbuild/aix-ppc64": ["@esbuild/aix-ppc64@0.20.2", "", { "os": "aix", "cpu": "ppc64" }, "sha512-D+EBOJHXdNZcLJRBkhENNG8Wji2kgc9AZ9KiPr1JuZjsNtyHzrsfLRrY0tk2H2aoFu6RANO1y1iPPUCDYWkb5g=="],

    "@esbuild/android-arm": ["@esbuild/android-arm@0.20.2", "", { "os": "android", "cpu": "arm" }, "sha512-t98Ra6pw2VaDhqNWO2Oph2LXbz/EJcnLmKLGBJwEwXX/JAN83Fym1rU8l0JUWK6HkIbWONCSSatf4sf2NBRx/w=="],

    "@esbuild/android-arm64": ["@esbuild/android-arm64@0.20.2", "", { "os": "android", "cpu": "arm64" }, "sha512-mRzjLacRtl/tWU0SvD8lUEwb61yP9cqQo6noDZP/O8VkwafSYwZ4yWy24kan8jE/IMERpYncRt2dw438LP3Xmg=="],

    "@esbuild/android-x64": ["@esbuild/android-x64@0.20.2", "", { "os": "android", "cpu": "x64" }, "sha512-btzExgV+/lMGDDa194CcUQm53ncxzeBrWJcncOBxuC6ndBkKxnHdFJn86mCIgTELsooUmwUm9FkhSp5HYu00Rg=="],

    "@esbuild/darwin-arm64": ["@esbuild/darwin-arm64@0.20.2", "", { "os": "darwin", "cpu": "arm64" }, "sha512-4J6IRT+10J3aJH3l1yzEg9y3wkTDgDk7TSDFX+wKFiWjqWp/iCfLIYzGyasx9l0SAFPT1HwSCR+0w/h1ES/MjA=="],

    "@esbuild/darwin-x64": ["@esbuild/darwin-x64@0.20.2", "", { "os": "darwin", "cpu": "x64" }, "sha512-tBcXp9KNphnNH0dfhv8KYkZhjc+H3XBkF5DKtswJblV7KlT9EI2+jeA8DgBjp908WEuYll6pF+UStUCfEpdysA=="],

    "@esbuild/freebsd-arm64": ["@esbuild/freebsd-arm64@0.20.2", "", { "os": "freebsd", "cpu": "arm64" }, "sha512-d3qI41G4SuLiCGCFGUrKsSeTXyWG6yem1KcGZVS+3FYlYhtNoNgYrWcvkOoaqMhwXSMrZRl69ArHsGJ9mYdbbw=="],

    "@esbuild/freebsd-x64": ["@esbuild/freebsd-x64@0.20.2", "", { "os": "freebsd", "cpu": "x64" }, "sha512-d+DipyvHRuqEeM5zDivKV1KuXn9WeRX6vqSqIDgwIfPQtwMP4jaDsQsDncjTDDsExT4lR/91OLjRo8bmC1e+Cw=="],

    "@esbuild/linux-arm": ["@esbuild/linux-arm@0.20.2", "", { "os": "linux", "cpu": "arm" }, "sha512-VhLPeR8HTMPccbuWWcEUD1Az68TqaTYyj6nfE4QByZIQEQVWBB8vup8PpR7y1QHL3CpcF6xd5WVBU/+SBEvGTg=="],

    "@esbuild/linux-arm64": ["@esbuild/linux-arm64@0.20.2", "", { "os": "linux", "cpu": "arm64" }, "sha512-9pb6rBjGvTFNira2FLIWqDk/uaf42sSyLE8j1rnUpuzsODBq7FvpwHYZxQ/It/8b+QOS1RYfqgGFNLRI+qlq2A=="],

    "@esbuild/linux-ia32": ["@esbuild/linux-ia32@0.20.2", "", { "os": "linux", "cpu": "ia32" }, "sha512-o10utieEkNPFDZFQm9CoP7Tvb33UutoJqg3qKf1PWVeeJhJw0Q347PxMvBgVVFgouYLGIhFYG0UGdBumROyiig=="],

    "@esbuild/linux-loong64": ["@esbuild/linux-loong64@0.20.2", "", { "os": "linux", "cpu": "none" }, "sha512-PR7sp6R/UC4CFVomVINKJ80pMFlfDfMQMYynX7t1tNTeivQ6XdX5r2XovMmha/VjR1YN/HgHWsVcTRIMkymrgQ=="],

    "@esbuild/linux-mips64el": ["@esbuild/linux-mips64el@0.20.2", "", { "os": "linux", "cpu": "none" }, "sha512-4BlTqeutE/KnOiTG5Y6Sb/Hw6hsBOZapOVF6njAESHInhlQAghVVZL1ZpIctBOoTFbQyGW+LsVYZ8lSSB3wkjA=="],

    "@esbuild/linux-ppc64": ["@esbuild/linux-ppc64@0.20.2", "", { "os": "linux", "cpu": "ppc64" }, "sha512-rD3KsaDprDcfajSKdn25ooz5J5/fWBylaaXkuotBDGnMnDP1Uv5DLAN/45qfnf3JDYyJv/ytGHQaziHUdyzaAg=="],

    "@esbuild/linux-riscv64": ["@esbuild/linux-riscv64@0.20.2", "", { "os": "linux", "cpu": "none" }, "sha512-snwmBKacKmwTMmhLlz/3aH1Q9T8v45bKYGE3j26TsaOVtjIag4wLfWSiZykXzXuE1kbCE+zJRmwp+ZbIHinnVg=="],

    "@esbuild/linux-s390x": ["@esbuild/linux-s390x@0.20.2", "", { "os": "linux", "cpu": "s390x" }, "sha512-wcWISOobRWNm3cezm5HOZcYz1sKoHLd8VL1dl309DiixxVFoFe/o8HnwuIwn6sXre88Nwj+VwZUvJf4AFxkyrQ=="],

    "@esbuild/linux-x64": ["@esbuild/linux-x64@0.20.2", "", { "os": "linux", "cpu": "x64" }, "sha512-1MdwI6OOTsfQfek8sLwgyjOXAu+wKhLEoaOLTjbijk6E2WONYpH9ZU2mNtR+lZ2B4uwr+usqGuVfFT9tMtGvGw=="],

    "@esbuild/netbsd-x64": ["@esbuild/netbsd-x64@0.20.2", "", { "os": "none", "cpu": "x64" }, "sha512-K8/DhBxcVQkzYc43yJXDSyjlFeHQJBiowJ0uVL6Tor3jGQfSGHNNJcWxNbOI8v5k82prYqzPuwkzHt3J1T1iZQ=="],

    "@esbuild/openbsd-x64": ["@esbuild/openbsd-x64@0.20.2", "", { "os": "openbsd", "cpu": "x64" }, "sha512-eMpKlV0SThJmmJgiVyN9jTPJ2VBPquf6Kt/nAoo6DgHAoN57K15ZghiHaMvqjCye/uU4X5u3YSMgVBI1h3vKrQ=="],

    "@esbuild/sunos-x64": ["@esbuild/sunos-x64@0.20.2", "", { "os": "sunos", "cpu": "x64" }, "sha512-2UyFtRC6cXLyejf/YEld4Hajo7UHILetzE1vsRcGL3earZEW77JxrFjH4Ez2qaTiEfMgAXxfAZCm1fvM/G/o8w=="],

    "@esbuild/win32-arm64": ["@esbuild/win32-arm64@0.20.2", "", { "os": "win32", "cpu": "arm64" }, "sha512-GRibxoawM9ZCnDxnP3usoUDO9vUkpAxIIZ6GQI+IlVmr5kP3zUq+l17xELTHMWTWzjxa2guPNyrpq1GWmPvcGQ=="],

    "@esbuild/win32-ia32": ["@esbuild/win32-ia32@0.20.2", "", { "os": "win32", "cpu": "ia32" }, "sha512-HfLOfn9YWmkSKRQqovpnITazdtquEW8/SoHW7pWpuEeguaZI4QnCRW6b+oZTztdBnZOS2hqJ6im/D5cPzBTTlQ=="],

    "@esbuild/win32-x64": ["@esbuild/win32-x64@0.20.2", "", { "os": "win32", "cpu": "x64" }, "sha512-N49X4lJX27+l9jbLKSqZ6bKNjzQvHaT8IIFUy+YIqmXQdjYCToGWwOItDrfby14c78aDd5NHQl29xingXfCdLQ=="],

    "@prisma/client": ["@prisma/client@6.1.0", "", { "peerDependencies": { "prisma": "*" }, "optionalPeers": ["prisma"] }, "sha512-AbQYc5+EJKm1Ydfq3KxwcGiy7wIbm4/QbjCKWWoNROtvy7d6a3gmAGkKjK0iUCzh+rHV8xDhD5Cge8ke/kiy5Q=="],

    "@prisma/debug": ["@prisma/debug@6.1.0", "", {}, "sha512-0himsvcM4DGBTtvXkd2Tggv6sl2JyUYLzEGXXleFY+7Kp6rZeSS3hiTW9mwtUlXrwYbJP6pwlVNB7jYElrjWUg=="],

    "@prisma/engines": ["@prisma/engines@6.1.0", "", { "dependencies": { "@prisma/debug": "6.1.0", "@prisma/engines-version": "6.1.0-21.11f085a2012c0f4778414c8db2651556ee0ef959", "@prisma/fetch-engine": "6.1.0", "@prisma/get-platform": "6.1.0" } }, "sha512-GnYJbCiep3Vyr1P/415ReYrgJUjP79fBNc1wCo7NP6Eia0CzL2Ot9vK7Infczv3oK7JLrCcawOSAxFxNFsAERQ=="],

    "@prisma/engines-version": ["@prisma/engines-version@6.1.0-21.11f085a2012c0f4778414c8db2651556ee0ef959", "", {}, "sha512-PdJqmYM2Fd8K0weOOtQThWylwjsDlTig+8Pcg47/jszMuLL9iLIaygC3cjWJLda69siRW4STlCTMSgOjZzvKPQ=="],

    "@prisma/fetch-engine": ["@prisma/fetch-engine@6.1.0", "", { "dependencies": { "@prisma/debug": "6.1.0", "@prisma/engines-version": "6.1.0-21.11f085a2012c0f4778414c8db2651556ee0ef959", "@prisma/get-platform": "6.1.0" } }, "sha512-asdFi7TvPlEZ8CzSZ/+Du5wZ27q6OJbRSXh+S8ISZguu+S9KtS/gP7NeXceZyb1Jv1SM1S5YfiCv+STDsG6rrg=="],

    "@prisma/get-platform": ["@prisma/get-platform@6.1.0", "", { "dependencies": { "@prisma/debug": "6.1.0" } }, "sha512-ia8bNjboBoHkmKGGaWtqtlgQOhCi7+f85aOkPJKgNwWvYrT6l78KgojLekE8zMhVk0R9lWcifV0Pf8l3/15V0Q=="],

    "@sapphire/async-queue": ["@sapphire/async-queue@1.5.5", "", {}, "sha512-cvGzxbba6sav2zZkH8GPf2oGk9yYoD5qrNWdu9fRehifgnFZJMV+nuy2nON2roRO4yQQ+v7MK/Pktl/HgfsUXg=="],

    "@sapphire/discord-utilities": ["@sapphire/discord-utilities@3.5.0", "", { "dependencies": { "discord-api-types": "^0.38.1" } }, "sha512-H4SY5KTVDZrqA5QG7ob6etwqhdOb3TRSY2wv56f0tiobUdIr0irlrYvdmr8Kg/FRxWU+aiHDIISWGG5vBuxOGw=="],

    "@sapphire/discord.js-utilities": ["@sapphire/discord.js-utilities@7.3.1", "", { "dependencies": { "@sapphire/discord-utilities": "^3.4.2", "@sapphire/duration": "^1.1.3", "@sapphire/utilities": "^3.18.0", "tslib": "^2.8.1" } }, "sha512-TTgJUvhw6EWjJUv45AVPVStN34LYvATHz/vsAoUw2KFJTrzIaC45P8c65x83AESzfe9G5x1/gi7lT0o3MR1m8Q=="],

    "@sapphire/duration": ["@sapphire/duration@1.2.0", "", {}, "sha512-LxjOAFXz81WmrI8XX9YaVcAZDjQj/1p78lZCvkAWZB1nphOwz/D0dU3CBejmhOWx5dO5CszTkLJMNR0xuCK+Zg=="],

    "@sapphire/result": ["@sapphire/result@2.7.2", "", {}, "sha512-DJbCGmvi8UZAu/hh85auQL8bODFlpcS3cWjRJZ5/cXTLekmGvs/CrRxrIzwbA6+poyYojo5rK4qu8trmjfneog=="],

    "@sapphire/shapeshift": ["@sapphire/shapeshift@4.0.0", "", { "dependencies": { "fast-deep-equal": "^3.1.3", "lodash": "^4.17.21" } }, "sha512-d9dUmWVA7MMiKobL3VpLF8P2aeanRTu6ypG2OIaEv/ZHH/SUQ2iHOVyi5wAPjQ+HmnMuL0whK9ez8I/raWbtIg=="],

    "@sapphire/snowflake": ["@sapphire/snowflake@3.5.3", "", {}, "sha512-jjmJywLAFoWeBi1W7994zZyiNWPIiqRRNAmSERxyg93xRGzNYvGjlZ0gR6x0F4gPRi2+0O6S71kOZYyr3cxaIQ=="],

    "@sapphire/utilities": ["@sapphire/utilities@3.18.2", "", {}, "sha512-QGLdC9+pT74Zd7aaObqn0EUfq40c4dyTL65pFnkM6WO1QYN7Yg/s4CdH+CXmx0Zcu6wcfCWILSftXPMosJHP5A=="],

    "@types/bun": ["@types/bun@1.2.17", "", { "dependencies": { "bun-types": "1.2.17" } }, "sha512-l/BYs/JYt+cXA/0+wUhulYJB6a6p//GTPiJ7nV+QHa8iiId4HZmnu/3J/SowP5g0rTiERY2kfGKXEK5Ehltx4Q=="],

    "@types/node": ["@types/node@22.10.2", "", { "dependencies": { "undici-types": "~6.20.0" } }, "sha512-Xxr6BBRCAOQixvonOye19wnzyDiUtTeqldOOmj3CkeblonbccA12PFwlufvRdrpjXxqnmUaeiU5EOA+7s5diUQ=="],

    "@types/react": ["@types/react@19.1.8", "", { "dependencies": { "csstype": "^3.0.2" } }, "sha512-AwAfQ2Wa5bCx9WP8nZL2uMZWod7J7/JSplxbTmBQ5ms6QpqNYm672H0Vu9ZVKVngQ+ii4R/byguVEUZQyeg44g=="],

    "@types/react-dom": ["@types/react-dom@19.1.6", "", { "peerDependencies": { "@types/react": "^19.0.0" } }, "sha512-4hOiT/dwO8Ko0gV1m/TJZYk3y0KBnY9vzDh7W+DH17b2HFSOGgdj33dhihPeuy3l0q23+4e+hoXHV6hCC4dCXw=="],

    "@types/triple-beam": ["@types/triple-beam@1.3.5", "", {}, "sha512-6WaYesThRMCl19iryMYP7/x2OVgCtbIVflDGFpWnb9irXI3UjYE4AzmYuiUKY1AJstGijoY+MgUszMgRxIYTYw=="],

    "@types/ws": ["@types/ws@8.18.1", "", { "dependencies": { "@types/node": "*" } }, "sha512-ThVF6DCVhA8kUGy+aazFQ4kXQ7E1Ty7A3ypFOe0IcJV8O/M511G99AW24irKrW56Wt44yG9+ij8FaqoBGkuBXg=="],

    "@vladfrangu/async_event_emitter": ["@vladfrangu/async_event_emitter@2.4.6", "", {}, "sha512-RaI5qZo6D2CVS6sTHFKg1v5Ohq/+Bo2LZ5gzUEwZ/WkHhwtGTCB/sVLw8ijOkAUxasZ+WshN/Rzj4ywsABJ5ZA=="],

    "async": ["async@3.2.6", "", {}, "sha512-htCUDlxyyCLMgaM3xXg0C0LW2xqfuQ6p05pCEIsXuyQ+a1koYKTuBMzRNwmybfLgvJDMd0r1LTn4+E0Ti6C2AA=="],

    "asynckit": ["asynckit@0.4.0", "", {}, "sha512-Oei9OH4tRh0YqU3GxhX79dM/mwVgvbZJaSNaRk+bshkj0S5cfHcgYakreBjrHwatXKbz+IoIdYLxrKim2MjW0Q=="],

    "axios": ["axios@1.6.0", "", { "dependencies": { "follow-redirects": "^1.15.0", "form-data": "^4.0.0", "proxy-from-env": "^1.1.0" } }, "sha512-EZ1DYihju9pwVB+jg67ogm+Tmqc6JmhamRN6I4Zt8DfZu5lbcQGw3ozH9lFejSJgs/ibaef3A9PMXPLeefFGJg=="],

    "bun-types": ["bun-types@1.2.17", "", { "dependencies": { "@types/node": "*" } }, "sha512-ElC7ItwT3SCQwYZDYoAH+q6KT4Fxjl8DtZ6qDulUFBmXA8YB4xo+l54J9ZJN+k2pphfn9vk7kfubeSd5QfTVJQ=="],

    "call-bind-apply-helpers": ["call-bind-apply-helpers@1.0.2", "", { "dependencies": { "es-errors": "^1.3.0", "function-bind": "^1.1.2" } }, "sha512-Sp1ablJ0ivDkSzjcaJdxEunN5/XvksFJ2sMBFfq6x0ryhQV/2b/KwFe21cMpmHtPOSij8K99/wSfoEuTObmuMQ=="],

    "color": ["color@3.2.1", "", { "dependencies": { "color-convert": "^1.9.3", "color-string": "^1.6.0" } }, "sha512-aBl7dZI9ENN6fUGC7mWpMTPNHmWUSNan9tuWN6ahh5ZLNk9baLJOnSMlrQkHcrfFgz2/RigjUVAjdx36VcemKA=="],

    "color-convert": ["color-convert@1.9.3", "", { "dependencies": { "color-name": "1.1.3" } }, "sha512-QfAUtd+vFdAtFQcC8CCyYt1fYWxSqAiK2cSD6zDB8N3cpsEBAvRxp9zOGg6G/SHHJYAT88/az/IuDGALsNVbGg=="],

    "color-name": ["color-name@1.1.3", "", {}, "sha512-72fSenhMw2HZMTVHeCA9KCmpEIbzWiQsjN+BHcBbS9vr1mtt+vJjPdksIBNUmKAW8TFUDPJK5SUU3QhE9NEXDw=="],

    "color-string": ["color-string@1.9.1", "", { "dependencies": { "color-name": "^1.0.0", "simple-swizzle": "^0.2.2" } }, "sha512-shrVawQFojnZv6xM40anx4CkoDP+fZsw/ZerEMsW/pyzsRbElpsL/DBVW7q3ExxwusdNXI3lXpuhEZkzs8p5Eg=="],

    "colorspace": ["colorspace@1.1.4", "", { "dependencies": { "color": "^3.1.3", "text-hex": "1.0.x" } }, "sha512-BgvKJiuVu1igBUF2kEjRCZXol6wiiGbY5ipL/oVPwm0BL9sIpMIzM8IK7vwuxIIzOXMV3Ey5w+vxhm0rR/TN8w=="],

    "combined-stream": ["combined-stream@1.0.8", "", { "dependencies": { "delayed-stream": "~1.0.0" } }, "sha512-FQN4MRfuJeHf7cBbBMJFXhKSDq+2kAArBlmRBvcvFE5BB1HZKXtSFASDhdlz9zOYwxh8lDdnvmMOe/+5cdoEdg=="],

    "croner": ["croner@9.0.0", "", {}, "sha512-onMB0OkDjkXunhdW9htFjEhqrD54+M94i6ackoUkjHKbRnXdyEyKRelp4nJ1kAz32+s27jP1FsebpJCVl0BsvA=="],

    "csstype": ["csstype@3.1.3", "", {}, "sha512-M1uQkMl8rQK/szD0LNhtqxIPLpimGm8sOBwU7lLnCpSbTyY3yeU1Vc7l4KT5zT4s/yOxHH5O7tIuuLOCnLADRw=="],

    "delayed-stream": ["delayed-stream@1.0.0", "", {}, "sha512-ZySD7Nf91aLB0RxL4KGrKHBXl7Eds1DAmEdcoVawXnLD7SDhpNgtuII2aAkg7a7QS41jxPSZ17p4VdGnMHk3MQ=="],

    "discord-api-types": ["discord-api-types@0.37.100", "", {}, "sha512-a8zvUI0GYYwDtScfRd/TtaNBDTXwP5DiDVX7K5OmE+DRT57gBqKnwtOC5Ol8z0mRW8KQfETIgiB8U0YZ9NXiCA=="],

    "discord.js": ["discord.js@14.16.3", "", { "dependencies": { "@discordjs/builders": "^1.9.0", "@discordjs/collection": "1.5.3", "@discordjs/formatters": "^0.5.0", "@discordjs/rest": "^2.4.0", "@discordjs/util": "^1.1.1", "@discordjs/ws": "1.1.1", "@sapphire/snowflake": "3.5.3", "discord-api-types": "0.37.100", "fast-deep-equal": "3.1.3", "lodash.snakecase": "4.1.1", "tslib": "^2.6.3", "undici": "6.19.8" } }, "sha512-EPCWE9OkA9DnFFNrO7Kl1WHHDYFXu3CNVFJg63bfU7hVtjZGyhShwZtSBImINQRWxWP2tgo2XI+QhdXx28r0aA=="],

    "dunder-proto": ["dunder-proto@1.0.1", "", { "dependencies": { "call-bind-apply-helpers": "^1.0.1", "es-errors": "^1.3.0", "gopd": "^1.2.0" } }, "sha512-KIN/nDJBQRcXw0MLVhZE9iQHmG68qAVIBg9CqmUYjmQIhgij9U5MFvrqkUL5FbtyyzZuOeOt0zdeRe4UY7ct+A=="],

    "enabled": ["enabled@2.0.0", "", {}, "sha512-AKrN98kuwOzMIdAizXGI86UFBoo26CL21UM763y1h/GMSJ4/OHU9k2YlsmBpyScFo/wbLzWQJBMCW4+IO3/+OQ=="],

    "es-define-property": ["es-define-property@1.0.1", "", {}, "sha512-e3nRfgfUZ4rNGL232gUgX06QNyyez04KdjFrF+LTRoOXmrOgFKDg4BCdsjW8EnT69eqdYGmRpJwiPVYNrCaW3g=="],

    "es-errors": ["es-errors@1.3.0", "", {}, "sha512-Zf5H2Kxt2xjTvbJvP2ZWLEICxA6j+hAmMzIlypy4xcBg1vKVnx89Wy0GbS+kf5cwCVFFzdCFh2XSCFNULS6csw=="],

    "es-object-atoms": ["es-object-atoms@1.1.1", "", { "dependencies": { "es-errors": "^1.3.0" } }, "sha512-FGgH2h8zKNim9ljj7dankFPcICIK9Cp5bm+c2gQSYePhpaG5+esrLODihIorn+Pe6FGJzWhXQotPv73jTaldXA=="],

    "es-set-tostringtag": ["es-set-tostringtag@2.1.0", "", { "dependencies": { "es-errors": "^1.3.0", "get-intrinsic": "^1.2.6", "has-tostringtag": "^1.0.2", "hasown": "^2.0.2" } }, "sha512-j6vWzfrGVfyXxge+O0x5sh6cvxAog0a/4Rdd2K36zCMV5eJ+/+tOAngRO8cODMNWbVRdVlmGZQL2YS3yR8bIUA=="],

    "esbuild": ["esbuild@0.20.2", "", { "optionalDependencies": { "@esbuild/aix-ppc64": "0.20.2", "@esbuild/android-arm": "0.20.2", "@esbuild/android-arm64": "0.20.2", "@esbuild/android-x64": "0.20.2", "@esbuild/darwin-arm64": "0.20.2", "@esbuild/darwin-x64": "0.20.2", "@esbuild/freebsd-arm64": "0.20.2", "@esbuild/freebsd-x64": "0.20.2", "@esbuild/linux-arm": "0.20.2", "@esbuild/linux-arm64": "0.20.2", "@esbuild/linux-ia32": "0.20.2", "@esbuild/linux-loong64": "0.20.2", "@esbuild/linux-mips64el": "0.20.2", "@esbuild/linux-ppc64": "0.20.2", "@esbuild/linux-riscv64": "0.20.2", "@esbuild/linux-s390x": "0.20.2", "@esbuild/linux-x64": "0.20.2", "@esbuild/netbsd-x64": "0.20.2", "@esbuild/openbsd-x64": "0.20.2", "@esbuild/sunos-x64": "0.20.2", "@esbuild/win32-arm64": "0.20.2", "@esbuild/win32-ia32": "0.20.2", "@esbuild/win32-x64": "0.20.2" }, "bin": { "esbuild": "bin/esbuild" } }, "sha512-WdOOppmUNU+IbZ0PaDiTst80zjnrOkyJNHoKupIcVyU8Lvla3Ugx94VzkQ32Ijqd7UhHJy75gNWDMUekcrSJ6g=="],

    "fast-deep-equal": ["fast-deep-equal@3.1.3", "", {}, "sha512-f3qQ9oQy9j2AhBe/H9VC91wLmKBCCU/gDOnKNAYG5hswO7BLKj09Hc5HYNz9cGI++xlpDCIgDaitVs03ATR84Q=="],

    "fecha": ["fecha@4.2.3", "", {}, "sha512-OP2IUU6HeYKJi3i0z4A19kHMQoLVs4Hc+DPqqxI2h/DPZHTm/vjsfC6P0b4jCMy14XizLBqvndQ+UilD7707Jw=="],

    "fn.name": ["fn.name@1.1.0", "", {}, "sha512-GRnmB5gPyJpAhTQdSZTSp9uaPSvl09KoYcMQtsB9rQoOmzs9dH6ffeccH+Z+cv6P68Hu5bC6JjRh4Ah/mHSNRw=="],

    "follow-redirects": ["follow-redirects@1.15.9", "", {}, "sha512-gew4GsXizNgdoRyqmyfMHyAmXsZDk6mHkSxZFCzW9gwlbtOW44CDtYavM+y+72qD/Vq2l550kMF52DT8fOLJqQ=="],

    "form-data": ["form-data@4.0.3", "", { "dependencies": { "asynckit": "^0.4.0", "combined-stream": "^1.0.8", "es-set-tostringtag": "^2.1.0", "hasown": "^2.0.2", "mime-types": "^2.1.12" } }, "sha512-qsITQPfmvMOSAdeyZ+12I1c+CKSstAFAwu+97zrnWAbIr5u8wfsExUzCesVLC8NgHuRUqNN4Zy6UPWUTRGslcA=="],

    "fsevents": ["fsevents@2.3.3", "", { "os": "darwin" }, "sha512-5xoDfX+fL7faATnagmWPpbFtwh/R77WmMMqqHGS65C3vvB0YHrgF+B1YmZ3441tMj5n63k0212XNoJwzlhffQw=="],

    "function-bind": ["function-bind@1.1.2", "", {}, "sha512-7XHNxH7qX9xG5mIwxkhumTox/MIRNcOgDrxWsMt2pAr23WHp6MrRlN7FBSFpCpr+oVO0F744iUgR82nJMfG2SA=="],

    "get-intrinsic": ["get-intrinsic@1.3.0", "", { "dependencies": { "call-bind-apply-helpers": "^1.0.2", "es-define-property": "^1.0.1", "es-errors": "^1.3.0", "es-object-atoms": "^1.1.1", "function-bind": "^1.1.2", "get-proto": "^1.0.1", "gopd": "^1.2.0", "has-symbols": "^1.1.0", "hasown": "^2.0.2", "math-intrinsics": "^1.1.0" } }, "sha512-9fSjSaos/fRIVIp+xSJlE6lfwhES7LNtKaCBIamHsjr2na1BiABJPo0mOjjz8GJDURarmCPGqaiVg5mfjb98CQ=="],

    "get-proto": ["get-proto@1.0.1", "", { "dependencies": { "dunder-proto": "^1.0.1", "es-object-atoms": "^1.0.0" } }, "sha512-sTSfBjoXBp89JvIKIefqw7U2CCebsc74kiY6awiGogKtoSGbgjYE/G/+l9sF3MWFPNc9IcoOC4ODfKHfxFmp0g=="],

    "gopd": ["gopd@1.2.0", "", {}, "sha512-ZUKRh6/kUFoAiTAtTYPZJ3hw9wNxx+BIBOijnlG9PnrJsCcSjs1wyyD6vJpaYtgnzDrKYRSqf3OO6Rfa93xsRg=="],

    "has-symbols": ["has-symbols@1.1.0", "", {}, "sha512-1cDNdwJ2Jaohmb3sg4OmKaMBwuC48sYni5HUw2DvsC8LjGTLK9h+eb1X6RyuOHe4hT0ULCW68iomhjUoKUqlPQ=="],

    "has-tostringtag": ["has-tostringtag@1.0.2", "", { "dependencies": { "has-symbols": "^1.0.3" } }, "sha512-NqADB8VjPFLM2V0VvHUewwwsw0ZWBaIdgo+ieHtK3hasLz4qeCRjYcqfB6AQrBggRKppKF8L52/VqdVsO47Dlw=="],

    "hasown": ["hasown@2.0.2", "", { "dependencies": { "function-bind": "^1.1.2" } }, "sha512-0hJU9SCPvmMzIBdZFqNPXWa6dqh7WdH0cII9y+CyS8rG3nL48Bclra9HmKhVVUHyPWNH5Y7xDwAB7bfgSjkUMQ=="],

    "hono": ["hono@4.8.3", "", {}, "sha512-jYZ6ZtfWjzBdh8H/0CIFfCBHaFL75k+KMzaM177hrWWm2TWL39YMYaJgB74uK/niRc866NMlH9B8uCvIo284WQ=="],

    "inherits": ["inherits@2.0.4", "", {}, "sha512-k/vGaX4/Yla3WzyMCvTQOXYeIHvqOKtnqBduzTHpzpQZzAskKMhZ2K+EnBiSM9zGSoIFeMpXKxa4dYeZIQqewQ=="],

    "is-arrayish": ["is-arrayish@0.3.2", "", {}, "sha512-eVRqCvVlZbuw3GrM63ovNSNAeA1K16kaR/LRY/92w0zxQ5/1YzwblUX652i4Xs9RwAGjW9d9y6X88t8OaAJfWQ=="],

    "is-stream": ["is-stream@2.0.1", "", {}, "sha512-hFoiJiTl63nn+kstHGBtewWSKnQLpyb155KHheA1l39uvtO9nWIop1p3udqPcUd/xbF1VLMO4n7OI6p7RbngDg=="],

    "kiai.js": ["kiai.js@3.0.1", "", {}, "sha512-WmnZ8rVe5YqrVqp7Rk2ItuFIE5qenB3zdXl3JGvSHLpe6H1NePJs3pSqlHluzg8NPa+jf3i2UTOSQ1OehpCncw=="],

    "kuler": ["kuler@2.0.0", "", {}, "sha512-Xq9nH7KlWZmXAtodXDDRE7vs6DU1gTU8zYDHDiWLSip45Egwq3plLHzPn27NgvzL2r1LMPC1vdqh98sQxtqj4A=="],

    "lodash": ["lodash@4.17.21", "", {}, "sha512-v2kDEe57lecTulaDIuNTPy3Ry4gLGJ6Z1O3vE1krgXZNrsQ+LFTGHVxVjcXPs17LhbZVGedAJv8XZ1tvj5FvSg=="],

    "lodash.snakecase": ["lodash.snakecase@4.1.1", "", {}, "sha512-QZ1d4xoBHYUeuouhEq3lk3Uq7ldgyFXGBhg04+oRLnIz8o9T65Eh+8YdroUwn846zchkA9yDsDl5CVVaV2nqYw=="],

    "logform": ["logform@2.7.0", "", { "dependencies": { "@colors/colors": "1.6.0", "@types/triple-beam": "^1.3.2", "fecha": "^4.2.0", "ms": "^2.1.1", "safe-stable-stringify": "^2.3.1", "triple-beam": "^1.3.0" } }, "sha512-TFYA4jnP7PVbmlBIfhlSe+WKxs9dklXMTEGcBCIvLhE/Tn3H6Gk1norupVW7m5Cnd4bLcr08AytbyV/xj7f/kQ=="],

    "magic-bytes.js": ["magic-bytes.js@1.12.1", "", {}, "sha512-ThQLOhN86ZkJ7qemtVRGYM+gRgR8GEXNli9H/PMvpnZsE44Xfh3wx9kGJaldg314v85m+bFW6WBMaVHJc/c3zA=="],

    "math-intrinsics": ["math-intrinsics@1.1.0", "", {}, "sha512-/IXtbwEk5HTPyEwyKX6hGkYXxM9nbj64B+ilVJnC/R6B0pH5G4V3b0pVbL7DBj4tkhBAppbQUlf6F6Xl9LHu1g=="],

    "mime-db": ["mime-db@1.52.0", "", {}, "sha512-sPU4uV7dYlvtWJxwwxHD0PuihVNiE7TyAbQ5SWxDCB9mUYvOgroQOwYQQOKPJ8CIbE+1ETVlOoK1UC2nU3gYvg=="],

    "mime-types": ["mime-types@2.1.35", "", { "dependencies": { "mime-db": "1.52.0" } }, "sha512-ZDY+bPm5zTTF+YpCrAU9nK0UgICYPT0QtT1NZWFv4s++TNkcgVaT0g6+4R2uI4MjQjzysHB1zxuWL50hzaeXiw=="],

    "ms": ["ms@2.1.3", "", {}, "sha512-6FlzubTLZG3J2a/NVCAleEhjzq5oxgHyaCU9yYXvcLsvoVaHJq/s5xXI6/XXP6tz7R9xAOtHnSO/tXtF3WRTlA=="],

    "one-time": ["one-time@1.0.0", "", { "dependencies": { "fn.name": "1.x.x" } }, "sha512-5DXOiRKwuSEcQ/l0kGCF6Q3jcADFv5tSmRaJck/OqkVFcOzutB134KRSfF0xDrL39MNnqxbHBbUUcjZIhTgb2g=="],

    "prisma": ["prisma@6.1.0", "", { "dependencies": { "@prisma/engines": "6.1.0" }, "optionalDependencies": { "fsevents": "2.3.3" }, "bin": { "prisma": "build/index.js" } }, "sha512-aFI3Yi+ApUxkwCJJwyQSwpyzUX7YX3ihzuHNHOyv4GJg3X5tQsmRaJEnZ+ZyfHpMtnyahhmXVfbTZ+lS8ZtfKw=="],

    "proxy-from-env": ["proxy-from-env@1.1.0", "", {}, "sha512-D+zkORCbA9f1tdWRK0RaCR3GPv50cMxcrz4X8k5LTSUD1Dkw47mKJEZQNunItRTkWwgtaUSo1RVFRIG9ZXiFYg=="],

    "react": ["react@19.1.0", "", {}, "sha512-FS+XFBNvn3GTAWq26joslQgWNoFu08F4kl0J4CgdNKADkdSGXQyTCnKteIAJy96Br6YbpEU1LSzV5dYtjMkMDg=="],

    "react-dom": ["react-dom@19.1.0", "", { "dependencies": { "scheduler": "^0.26.0" }, "peerDependencies": { "react": "^19.1.0" } }, "sha512-Xs1hdnE+DyKgeHJeJznQmYMIBG3TKIHJJT95Q58nHLSrElKlGQqDTR2HQ9fx5CN/Gk6Vh/kupBTDLU11/nDk/g=="],

    "readable-stream": ["readable-stream@3.6.2", "", { "dependencies": { "inherits": "^2.0.3", "string_decoder": "^1.1.1", "util-deprecate": "^1.0.1" } }, "sha512-9u/sniCrY3D5WdsERHzHE4G2YCXqoG5FTHUiCC4SIbr6XcLZBY05ya9EKjYek9O5xOAwjGq+1JdGBAS7Q9ScoA=="],

    "safe-buffer": ["safe-buffer@5.2.1", "", {}, "sha512-rp3So07KcdmmKbGvgaNxQSJr7bGVSVk5S9Eq1F+ppbRo70+YeaDxkw5Dd8NPN+GD6bjnYm2VuPuCXmpuYvmCXQ=="],

    "safe-stable-stringify": ["safe-stable-stringify@2.5.0", "", {}, "sha512-b3rppTKm9T+PsVCBEOUR46GWI7fdOs00VKZ1+9c1EWDaDMvjQc6tUwuFyIprgGgTcWoVHSKrU8H31ZHA2e0RHA=="],

    "scheduler": ["scheduler@0.26.0", "", {}, "sha512-NlHwttCI/l5gCPR3D1nNXtWABUmBwvZpEQiD4IXSbIDq8BzLIK/7Ir5gTFSGZDUu37K5cMNp0hFtzO38sC7gWA=="],

    "simple-swizzle": ["simple-swizzle@0.2.2", "", { "dependencies": { "is-arrayish": "^0.3.1" } }, "sha512-JA//kQgZtbuY83m+xT+tXJkmJncGMTFT+C+g2h2R9uxkYIrE2yy9sgmcLhCnw57/WSD+Eh3J97FPEDFnbXnDUg=="],

    "stack-trace": ["stack-trace@0.0.10", "", {}, "sha512-KGzahc7puUKkzyMt+IqAep+TVNbKP+k2Lmwhub39m1AsTSkaDutx56aDCo+HLDzf/D26BIHTJWNiTG1KAJiQCg=="],

    "string_decoder": ["string_decoder@1.3.0", "", { "dependencies": { "safe-buffer": "~5.2.0" } }, "sha512-hkRX8U1WjJFd8LsDJ2yQ/wWWxaopEsABU1XfkM8A+j0+85JAGppt16cr1Whg6KIbb4okU6Mql6BOj+uup/wKeA=="],

    "text-hex": ["text-hex@1.0.0", "", {}, "sha512-uuVGNWzgJ4yhRaNSiubPY7OjISw4sw4E5Uv0wbjp+OzcbmVU/rsT8ujgcXJhn9ypzsgr5vlzpPqP+MBBKcGvbg=="],

    "triple-beam": ["triple-beam@1.4.1", "", {}, "sha512-aZbgViZrg1QNcG+LULa7nhZpJTZSLm/mXnHXnbAbjmN5aSa0y7V+wvv6+4WaBtpISJzThKy+PIPxc1Nq1EJ9mg=="],

    "ts-mixer": ["ts-mixer@6.0.4", "", {}, "sha512-ufKpbmrugz5Aou4wcr5Wc1UUFWOLhq+Fm6qa6P0w0K5Qw2yhaUoiWszhCVuNQyNwrlGiscHOmqYoAox1PtvgjA=="],

    "tslib": ["tslib@2.8.1", "", {}, "sha512-oJFu94HQb+KVduSUQL7wnpmqnfmLsOA/nAh6b6EH0wCEoK0/mPeXU6c3wKDV83MkOuHPRHtSXKKU99IBazS/2w=="],

    "typescript": ["typescript@5.7.2", "", { "bin": { "tsc": "bin/tsc", "tsserver": "bin/tsserver" } }, "sha512-i5t66RHxDvVN40HfDd1PsEThGNnlMCMT3jMUuoh9/0TaqWevNontacunWyN02LA9/fIbEWlcHZcgTKb9QoaLfg=="],

    "unb-api": ["unb-api@1.4.0", "", { "dependencies": { "axios": "1.6.0" } }, "sha512-Xmk7fmVH/na0lC3oEjhK7ZD/2vZj2oRTMKF9QS8zCjqyMA5Dy0KH5qiPhaiheMNAATliwYj2Vcr4fZ8mBqH42A=="],

    "undici": ["undici@6.19.8", "", {}, "sha512-U8uCCl2x9TK3WANvmBavymRzxbfFYG+tAu+fgx3zxQy3qdagQqBLwJVrdyO1TBfUXvfKveMKJZhpvUYoOjM+4g=="],

    "undici-types": ["undici-types@6.20.0", "", {}, "sha512-Ny6QZ2Nju20vw1SRHe3d9jVu6gJ+4e3+MMpqu7pqE5HT6WsTSlce++GQmK5UXS8mzV8DSYHrQH+Xrf2jVcuKNg=="],

    "util-deprecate": ["util-deprecate@1.0.2", "", {}, "sha512-EPD5q1uXyFxJpCrLnCc1nHnq3gOa6DZBocAIiI2TaSCA7VCJ1UJDMagCzIkXNsUYfD1daK//LTEQ8xiIbrHtcw=="],

    "winston": ["winston@3.17.0", "", { "dependencies": { "@colors/colors": "^1.6.0", "@dabh/diagnostics": "^2.0.2", "async": "^3.2.3", "is-stream": "^2.0.0", "logform": "^2.7.0", "one-time": "^1.0.0", "readable-stream": "^3.4.0", "safe-stable-stringify": "^2.3.1", "stack-trace": "0.0.x", "triple-beam": "^1.3.0", "winston-transport": "^4.9.0" } }, "sha512-DLiFIXYC5fMPxaRg832S6F5mJYvePtmO5G9v9IgUFPhXm9/GkXarH/TUrBAVzhTCzAj9anE/+GjrgXp/54nOgw=="],

    "winston-transport": ["winston-transport@4.9.0", "", { "dependencies": { "logform": "^2.7.0", "readable-stream": "^3.6.2", "triple-beam": "^1.3.0" } }, "sha512-8drMJ4rkgaPo1Me4zD/3WLfI/zPdA9o2IipKODunnGDcuqbHwjsbB79ylv04LCGGzU0xQ6vTznOMpQGaLhhm6A=="],

    "ws": ["ws@8.18.3", "", { "peerDependencies": { "bufferutil": "^4.0.1", "utf-8-validate": ">=5.0.2" }, "optionalPeers": ["bufferutil", "utf-8-validate"] }, "sha512-PEIGCY5tSlUt50cqyMXfCzX+oOPqN0vuGqWzbcJ2xvnkzkq46oOpz7dQaTDBdfICb4N14+GARUDw2XV2N4tvzg=="],

    "@discordjs/builders/@discordjs/formatters": ["@discordjs/formatters@0.6.1", "", { "dependencies": { "discord-api-types": "^0.38.1" } }, "sha512-5cnX+tASiPCqCWtFcFslxBVUaCetB0thvM/JyavhbXInP1HJIEU+Qv/zMrnuwSsX3yWH2lVXNJZeDK3EiP4HHg=="],

    "@discordjs/builders/discord-api-types": ["discord-api-types@0.38.14", "", {}, "sha512-5qknrPxvIzAiX2tDb7dB55A4ydb/nCKxhlO48RrMNeyEGsBgk/88qIAsUm7K7nDnNkkOgJYt/wufybEPYWRMJQ=="],

    "@discordjs/formatters/discord-api-types": ["discord-api-types@0.37.97", "", {}, "sha512-No1BXPcVkyVD4ZVmbNgDKaBoqgeQ+FJpzZ8wqHkfmBnTZig1FcH3iPPersiK1TUIAzgClh2IvOuVUYfcWLQAOA=="],

    "@discordjs/rest/@discordjs/collection": ["@discordjs/collection@2.1.1", "", {}, "sha512-LiSusze9Tc7qF03sLCujF5iZp7K+vRNEDBZ86FT9aQAv3vxMLihUvKvpsCWiQ2DJq1tVckopKm1rxomgNUc9hg=="],

    "@discordjs/rest/discord-api-types": ["discord-api-types@0.38.14", "", {}, "sha512-5qknrPxvIzAiX2tDb7dB55A4ydb/nCKxhlO48RrMNeyEGsBgk/88qIAsUm7K7nDnNkkOgJYt/wufybEPYWRMJQ=="],

    "@discordjs/rest/undici": ["undici@6.21.3", "", {}, "sha512-gBLkYIlEnSp8pFbT64yFgGE6UIB9tAkhukC23PmMDCe5Nd+cRqKxSjw5y54MK2AZMgZfJWMaNE4nYUHgi1XEOw=="],

    "@discordjs/ws/@discordjs/collection": ["@discordjs/collection@2.1.1", "", {}, "sha512-LiSusze9Tc7qF03sLCujF5iZp7K+vRNEDBZ86FT9aQAv3vxMLihUvKvpsCWiQ2DJq1tVckopKm1rxomgNUc9hg=="],

    "@discordjs/ws/discord-api-types": ["discord-api-types@0.37.83", "", {}, "sha512-urGGYeWtWNYMKnYlZnOnDHm8fVRffQs3U0SpE8RHeiuLKb/u92APS8HoQnPTFbnXmY1vVnXjXO4dOxcAn3J+DA=="],

    "@sapphire/discord-utilities/discord-api-types": ["discord-api-types@0.38.14", "", {}, "sha512-5qknrPxvIzAiX2tDb7dB55A4ydb/nCKxhlO48RrMNeyEGsBgk/88qIAsUm7K7nDnNkkOgJYt/wufybEPYWRMJQ=="],

    "color-string/color-name": ["color-name@1.1.4", "", {}, "sha512-dOy+3AuW3a2wNbZHIuMZpTcgjGuLU/uBL/ubcZF9OXbDo8ff4O8yVp5Bf0efS8uEoYo5q4Fx7dY9OgQGXgAsQA=="],
  }
}
